
Microsoft Visual Studio Solution File, Format Version 12.00
# Visual Studio Version 17
VisualStudioVersion = 17.3.32819.101
MinimumVisualStudioVersion = 10.0.40219.1
Project("{888888A0-9F3D-457C-B088-3A5042F75D52}") = "PythonApplication1 Mari-Liis Roju", "PythonApplication1 Mari-Liis Roju.pyproj", "{F34C1F3B-D74F-481E-942D-24B681AB944B}"
EndProject
Global
	GlobalSection(SolutionConfigurationPlatforms) = preSolution
		Debug|Any CPU = Debug|Any CPU
		Release|Any CPU = Release|Any CPU
	EndGlobalSection
	GlobalSection(ProjectConfigurationPlatforms) = postSolution
		{F34C1F3B-D74F-481E-942D-24B681AB944B}.Debug|Any CPU.ActiveCfg = Debug|Any CPU
		{F34C1F3B-D74F-481E-942D-24B681AB944B}.Release|Any CPU.ActiveCfg = Release|Any CPU
	EndGlobalSection
	GlobalSection(SolutionProperties) = preSolution
		HideSolutionNode = FALSE
	EndGlobalSection
	GlobalSection(ExtensibilityGlobals) = postSolution
		SolutionGuid = {D9D64010-F88C-49A3-8AEC-42B390D7AF3E}
	EndGlobalSection
EndGlobal
